// !$*UTF8*$!
{
	archiveVersion = 1;
	classes = {
	};
	objectVersion = 60;
	objects = {

/* Begin PBXBuildFile section */
		20E4D4042B77108500E87026 /* Async in Frameworks */ = {isa = PBXBuildFile; productRef = 20E4D4032B77108500E87026 /* Async */; };
		20E4D4082B771D2F00E87026 /* Preview.swift in Sources */ = {isa = PBXBuildFile; fileRef = 20E4D4072B771D2F00E87026 /* Preview.swift */; };
		20F0E4AB294007F20000C48A /* AsyncExampleApp.swift in Sources */ = {isa = PBXBuildFile; fileRef = 20F0E4AA294007F20000C48A /* AsyncExampleApp.swift */; };
		20F0E4AD294007F20000C48A /* ContentView.swift in Sources */ = {isa = PBXBuildFile; fileRef = 20F0E4AC294007F20000C48A /* ContentView.swift */; };
		20F0E4AF294007F30000C48A /* Assets.xcassets in Resources */ = {isa = PBXBuildFile; fileRef = 20F0E4AE294007F30000C48A /* Assets.xcassets */; };
		20F0E4B2294007F30000C48A /* Preview Assets.xcassets in Resources */ = {isa = PBXBuildFile; fileRef = 20F0E4B1294007F30000C48A /* Preview Assets.xcassets */; };
		20F0E4B9294008BC0000C48A /* TaskPage.swift in Sources */ = {isa = PBXBuildFile; fileRef = 20F0E4B8294008BC0000C48A /* TaskPage.swift */; };
		20F0E4BB294008CC0000C48A /* ClosurePage.swift in Sources */ = {isa = PBXBuildFile; fileRef = 20F0E4BA294008CC0000C48A /* ClosurePage.swift */; };
		20F0E4BD294008EE0000C48A /* StreamPage.swift in Sources */ = {isa = PBXBuildFile; fileRef = 20F0E4BC294008EE0000C48A /* StreamPage.swift */; };
		20F0E4C329400A0E0000C48A /* Util.swift in Sources */ = {isa = PBXBuildFile; fileRef = 20F0E4C229400A0E0000C48A /* Util.swift */; };
		20F0E4CA29400ECD0000C48A /* Async in Frameworks */ = {isa = PBXBuildFile; productRef = 20F0E4C929400ECD0000C48A /* Async */; };
/* End PBXBuildFile section */

/* Begin PBXFileReference section */
		20E4D4072B771D2F00E87026 /* Preview.swift */ = {isa = PBXFileReference; lastKnownFileType = sourcecode.swift; path = Preview.swift; sourceTree = "<group>"; };
		20F0E4A7294007F20000C48A /* AsyncExample.app */ = {isa = PBXFileReference; explicitFileType = wrapper.application; includeInIndex = 0; path = AsyncExample.app; sourceTree = BUILT_PRODUCTS_DIR; };
		20F0E4AA294007F20000C48A /* AsyncExampleApp.swift */ = {isa = PBXFileReference; lastKnownFileType = sourcecode.swift; path = AsyncExampleApp.swift; sourceTree = "<group>"; };
		20F0E4AC294007F20000C48A /* ContentView.swift */ = {isa = PBXFileReference; indentWidth = 2; lastKnownFileType = sourcecode.swift; path = ContentView.swift; sourceTree = "<group>"; tabWidth = 2; };
		20F0E4AE294007F30000C48A /* Assets.xcassets */ = {isa = PBXFileReference; lastKnownFileType = folder.assetcatalog; path = Assets.xcassets; sourceTree = "<group>"; };
		20F0E4B1294007F30000C48A /* Preview Assets.xcassets */ = {isa = PBXFileReference; lastKnownFileType = folder.assetcatalog; path = "Preview Assets.xcassets"; sourceTree = "<group>"; };
		20F0E4B8294008BC0000C48A /* TaskPage.swift */ = {isa = PBXFileReference; lastKnownFileType = sourcecode.swift; path = TaskPage.swift; sourceTree = "<group>"; };
		20F0E4BA294008CC0000C48A /* ClosurePage.swift */ = {isa = PBXFileReference; lastKnownFileType = sourcecode.swift; path = ClosurePage.swift; sourceTree = "<group>"; };
		20F0E4BC294008EE0000C48A /* StreamPage.swift */ = {isa = PBXFileReference; lastKnownFileType = sourcecode.swift; path = StreamPage.swift; sourceTree = "<group>"; };
		20F0E4C229400A0E0000C48A /* Util.swift */ = {isa = PBXFileReference; lastKnownFileType = sourcecode.swift; path = Util.swift; sourceTree = "<group>"; };
		20F0E4C729400E3B0000C48A /* Async */ = {isa = PBXFileReference; lastKnownFileType = wrapper; name = Async; path = ..; sourceTree = "<group>"; };
/* End PBXFileReference section */

/* Begin PBXFrameworksBuildPhase section */
		20F0E4A4294007F20000C48A /* Frameworks */ = {
			isa = PBXFrameworksBuildPhase;
			buildActionMask = 2147483647;
			files = (
				20F0E4CA29400ECD0000C48A /* Async in Frameworks */,
				20E4D4042B77108500E87026 /* Async in Frameworks */,
			);
			runOnlyForDeploymentPostprocessing = 0;
		};
/* End PBXFrameworksBuildPhase section */

/* Begin PBXGroup section */
		20F0E49E294007F20000C48A = {
			isa = PBXGroup;
			children = (
				20F0E4C629400E3B0000C48A /* Packages */,
				20F0E4A9294007F20000C48A /* AsyncExample */,
				20F0E4A8294007F20000C48A /* Products */,
				20F0E4C829400ECD0000C48A /* Frameworks */,
			);
			indentWidth = 2;
			sourceTree = "<group>";
			tabWidth = 2;
		};
		20F0E4A8294007F20000C48A /* Products */ = {
			isa = PBXGroup;
			children = (
				20F0E4A7294007F20000C48A /* AsyncExample.app */,
			);
			name = Products;
			sourceTree = "<group>";
		};
		20F0E4A9294007F20000C48A /* AsyncExample */ = {
			isa = PBXGroup;
			children = (
				20F0E4AA294007F20000C48A /* AsyncExampleApp.swift */,
				20F0E4AC294007F20000C48A /* ContentView.swift */,
				20F0E4C229400A0E0000C48A /* Util.swift */,
				20F0E4B8294008BC0000C48A /* TaskPage.swift */,
				20F0E4BA294008CC0000C48A /* ClosurePage.swift */,
				20F0E4BC294008EE0000C48A /* StreamPage.swift */,
				20E4D4072B771D2F00E87026 /* Preview.swift */,
				20F0E4AE294007F30000C48A /* Assets.xcassets */,
				20F0E4B0294007F30000C48A /* Preview Content */,
			);
			path = AsyncExample;
			sourceTree = "<group>";
		};
		20F0E4B0294007F30000C48A /* Preview Content */ = {
			isa = PBXGroup;
			children = (
				20F0E4B1294007F30000C48A /* Preview Assets.xcassets */,
			);
			path = "Preview Content";
			sourceTree = "<group>";
		};
		20F0E4C629400E3B0000C48A /* Packages */ = {
			isa = PBXGroup;
			children = (
				20F0E4C729400E3B0000C48A /* Async */,
			);
			name = Packages;
			sourceTree = "<group>";
		};
		20F0E4C829400ECD0000C48A /* Frameworks */ = {
			isa = PBXGroup;
			children = (
			);
			name = Frameworks;
			sourceTree = "<group>";
		};
/* End PBXGroup section */

/* Begin PBXNativeTarget section */
		20F0E4A6294007F20000C48A /* AsyncExample */ = {
			isa = PBXNativeTarget;
			buildConfigurationList = 20F0E4B5294007F30000C48A /* Build configuration list for PBXNativeTarget "AsyncExample" */;
			buildPhases = (
				20F0E4A3294007F20000C48A /* Sources */,
				20F0E4A4294007F20000C48A /* Frameworks */,
				20F0E4A5294007F20000C48A /* Resources */,
			);
			buildRules = (
			);
			dependencies = (
			);
			name = AsyncExample;
			packageProductDependencies = (
				20F0E4C929400ECD0000C48A /* Async */,
				20E4D4032B77108500E87026 /* Async */,
			);
			productName = AsyncExample;
			productReference = 20F0E4A7294007F20000C48A /* AsyncExample.app */;
			productType = "com.apple.product-type.application";
		};
/* End PBXNativeTarget section */

/* Begin PBXProject section */
		20F0E49F294007F20000C48A /* Project object */ = {
			isa = PBXProject;
			attributes = {
				BuildIndependentTargetsInParallel = 1;
				LastSwiftUpdateCheck = 1410;
				LastUpgradeCheck = 1410;
				TargetAttributes = {
					20F0E4A6294007F20000C48A = {
						CreatedOnToolsVersion = 14.1;
					};
				};
			};
			buildConfigurationList = 20F0E4A2294007F20000C48A /* Build configuration list for PBXProject "AsyncExample" */;
			compatibilityVersion = "Xcode 14.0";
			developmentRegion = en;
			hasScannedForEncodings = 0;
			knownRegions = (
				en,
				Base,
			);
			mainGroup = 20F0E49E294007F20000C48A;
			packageReferences = (
				20E4D4022B77108500E87026 /* XCLocalSwiftPackageReference ".." */,
			);
			productRefGroup = 20F0E4A8294007F20000C48A /* Products */;
			projectDirPath = "";
			projectRoot = "";
			targets = (
				20F0E4A6294007F20000C48A /* AsyncExample */,
			);
		};
/* End PBXProject section */

/* Begin PBXResourcesBuildPhase section */
		20F0E4A5294007F20000C48A /* Resources */ = {
			isa = PBXResourcesBuildPhase;
			buildActionMask = 2147483647;
			files = (
				20F0E4B2294007F30000C48A /* Preview Assets.xcassets in Resources */,
				20F0E4AF294007F30000C48A /* Assets.xcassets in Resources */,
			);
			runOnlyForDeploymentPostprocessing = 0;
		};
/* End PBXResourcesBuildPhase section */

/* Begin PBXSourcesBuildPhase section */
		20F0E4A3294007F20000C48A /* Sources */ = {
			isa = PBXSourcesBuildPhase;
			buildActionMask = 2147483647;
			files = (
				20F0E4AD294007F20000C48A /* ContentView.swift in Sources */,
				20F0E4B9294008BC0000C48A /* TaskPage.swift in Sources */,
				20F0E4BB294008CC0000C48A /* ClosurePage.swift in Sources */,
				20F0E4BD294008EE0000C48A /* StreamPage.swift in Sources */,
				20F0E4C329400A0E0000C48A /* Util.swift in Sources */,
				20E4D4082B771D2F00E87026 /* Preview.swift in Sources */,
				20F0E4AB294007F20000C48A /* AsyncExampleApp.swift in Sources */,
			);
			runOnlyForDeploymentPostprocessing = 0;
		};
/* End PBXSourcesBuildPhase section */

/* Begin XCBuildConfiguration section */
		20F0E4B3294007F30000C48A /* Debug */ = {
			isa = XCBuildConfiguration;
			buildSettings = {
				ALWAYS_SEARCH_USER_PATHS = NO;
				CLANG_ANALYZER_NONNULL = YES;
				CLANG_ANALYZER_NUMBER_OBJECT_CONVERSION = YES_AGGRESSIVE;
				CLANG_CXX_LANGUAGE_STANDARD = "gnu++20";
				CLANG_ENABLE_MODULES = YES;
				CLANG_ENABLE_OBJC_ARC = YES;
				CLANG_ENABLE_OBJC_WEAK = YES;
				CLANG_WARN_BLOCK_CAPTURE_AUTORELEASING = YES;
				CLANG_WARN_BOOL_CONVERSION = YES;
				CLANG_WARN_COMMA = YES;
				CLANG_WARN_CONSTANT_CONVERSION = YES;
				CLANG_WARN_DEPRECATED_OBJC_IMPLEMENTATIONS = YES;
				CLANG_WARN_DIRECT_OBJC_ISA_USAGE = YES_ERROR;
				CLANG_WARN_DOCUMENTATION_COMMENTS = YES;
				CLANG_WARN_EMPTY_BODY = YES;
				CLANG_WARN_ENUM_CONVERSION = YES;
				CLANG_WARN_INFINITE_RECURSION = YES;
				CLANG_WARN_INT_CONVERSION = YES;
				CLANG_WARN_NON_LITERAL_NULL_CONVERSION = YES;
				CLANG_WARN_OBJC_IMPLICIT_RETAIN_SELF = YES;
				CLANG_WARN_OBJC_LITERAL_CONVERSION = YES;
				CLANG_WARN_OBJC_ROOT_CLASS = YES_ERROR;
				CLANG_WARN_QUOTED_INCLUDE_IN_FRAMEWORK_HEADER = YES;
				CLANG_WARN_RANGE_LOOP_ANALYSIS = YES;
				CLANG_WARN_STRICT_PROTOTYPES = YES;
				CLANG_WARN_SUSPICIOUS_MOVE = YES;
				CLANG_WARN_UNGUARDED_AVAILABILITY = YES_AGGRESSIVE;
				CLANG_WARN_UNREACHABLE_CODE = YES;
				CLANG_WARN__DUPLICATE_METHOD_MATCH = YES;
				COPY_PHASE_STRIP = NO;
				DEBUG_INFORMATION_FORMAT = dwarf;
				ENABLE_STRICT_OBJC_MSGSEND = YES;
				ENABLE_TESTABILITY = YES;
				GCC_C_LANGUAGE_STANDARD = gnu11;
				GCC_DYNAMIC_NO_PIC = NO;
				GCC_NO_COMMON_BLOCKS = YES;
				GCC_OPTIMIZATION_LEVEL = 0;
				GCC_PREPROCESSOR_DEFINITIONS = (
					"DEBUG=1",
					"$(inherited)",
				);
				GCC_WARN_64_TO_32_BIT_CONVERSION = YES;
				GCC_WARN_ABOUT_RETURN_TYPE = YES_ERROR;
				GCC_WARN_UNDECLARED_SELECTOR = YES;
				GCC_WARN_UNINITIALIZED_AUTOS = YES_AGGRESSIVE;
				GCC_WARN_UNUSED_FUNCTION = YES;
				GCC_WARN_UNUSED_VARIABLE = YES;
				IPHONEOS_DEPLOYMENT_TARGET = 17.0;
				MTL_ENABLE_DEBUG_INFO = INCLUDE_SOURCE;
				MTL_FAST_MATH = YES;
				ONLY_ACTIVE_ARCH = YES;
				SDKROOT = iphoneos;
				SWIFT_ACTIVE_COMPILATION_CONDITIONS = DEBUG;
				SWIFT_OPTIMIZATION_LEVEL = "-Onone";
			};
			name = Debug;
		};
		20F0E4B4294007F30000C48A /* Release */ = {
			isa = XCBuildConfiguration;
			buildSettings = {
				ALWAYS_SEARCH_USER_PATHS = NO;
				CLANG_ANALYZER_NONNULL = YES;
				CLANG_ANALYZER_NUMBER_OBJECT_CONVERSION = YES_AGGRESSIVE;
				CLANG_CXX_LANGUAGE_STANDARD = "gnu++20";
				CLANG_ENABLE_MODULES = YES;
				CLANG_ENABLE_OBJC_ARC = YES;
				CLANG_ENABLE_OBJC_WEAK = YES;
				CLANG_WARN_BLOCK_CAPTURE_AUTORELEASING = YES;
				CLANG_WARN_BOOL_CONVERSION = YES;
				CLANG_WARN_COMMA = YES;
				CLANG_WARN_CONSTANT_CONVERSION = YES;
				CLANG_WARN_DEPRECATED_OBJC_IMPLEMENTATIONS = YES;
				CLANG_WARN_DIRECT_OBJC_ISA_USAGE = YES_ERROR;
				CLANG_WARN_DOCUMENTATION_COMMENTS = YES;
				CLANG_WARN_EMPTY_BODY = YES;
				CLANG_WARN_ENUM_CONVERSION = YES;
				CLANG_WARN_INFINITE_RECURSION = YES;
				CLANG_WARN_INT_CONVERSION = YES;
				CLANG_WARN_NON_LITERAL_NULL_CONVERSION = YES;
				CLANG_WARN_OBJC_IMPLICIT_RETAIN_SELF = YES;
				CLANG_WARN_OBJC_LITERAL_CONVERSION = YES;
				CLANG_WARN_OBJC_ROOT_CLASS = YES_ERROR;
				CLANG_WARN_QUOTED_INCLUDE_IN_FRAMEWORK_HEADER = YES;
				CLANG_WARN_RANGE_LOOP_ANALYSIS = YES;
				CLANG_WARN_STRICT_PROTOTYPES = YES;
				CLANG_WARN_SUSPICIOUS_MOVE = YES;
				CLANG_WARN_UNGUARDED_AVAILABILITY = YES_AGGRESSIVE;
				CLANG_WARN_UNREACHABLE_CODE = YES;
				CLANG_WARN__DUPLICATE_METHOD_MATCH = YES;
				COPY_PHASE_STRIP = NO;
				DEBUG_INFORMATION_FORMAT = "dwarf-with-dsym";
				ENABLE_NS_ASSERTIONS = NO;
				ENABLE_STRICT_OBJC_MSGSEND = YES;
				GCC_C_LANGUAGE_STANDARD = gnu11;
				GCC_NO_COMMON_BLOCKS = YES;
				GCC_WARN_64_TO_32_BIT_CONVERSION = YES;
				GCC_WARN_ABOUT_RETURN_TYPE = YES_ERROR;
				GCC_WARN_UNDECLARED_SELECTOR = YES;
				GCC_WARN_UNINITIALIZED_AUTOS = YES_AGGRESSIVE;
				GCC_WARN_UNUSED_FUNCTION = YES;
				GCC_WARN_UNUSED_VARIABLE = YES;
				IPHONEOS_DEPLOYMENT_TARGET = 17.0;
				MTL_ENABLE_DEBUG_INFO = NO;
				MTL_FAST_MATH = YES;
				SDKROOT = iphoneos;
				SWIFT_COMPILATION_MODE = wholemodule;
				SWIFT_OPTIMIZATION_LEVEL = "-O";
				VALIDATE_PRODUCT = YES;
			};
			name = Release;
		};
		20F0E4B6294007F30000C48A /* Debug */ = {
			isa = XCBuildConfiguration;
			buildSettings = {
				ASSETCATALOG_COMPILER_APPICON_NAME = AppIcon;
				ASSETCATALOG_COMPILER_GLOBAL_ACCENT_COLOR_NAME = AccentColor;
				CODE_SIGN_STYLE = Automatic;
				CURRENT_PROJECT_VERSION = 1;
				DEVELOPMENT_ASSET_PATHS = "\"AsyncExample/Preview Content\"";
				DEVELOPMENT_TEAM = TQPN82UBBY;
				ENABLE_PREVIEWS = YES;
				GENERATE_INFOPLIST_FILE = YES;
				INFOPLIST_KEY_UIApplicationSceneManifest_Generation = YES;
				INFOPLIST_KEY_UIApplicationSupportsIndirectInputEvents = YES;
				INFOPLIST_KEY_UILaunchScreen_Generation = YES;
				INFOPLIST_KEY_UISupportedInterfaceOrientations_iPad = "UIInterfaceOrientationPortrait UIInterfaceOrientationPortraitUpsideDown UIInterfaceOrientationLandscapeLeft UIInterfaceOrientationLandscapeRight";
				INFOPLIST_KEY_UISupportedInterfaceOrientations_iPhone = "UIInterfaceOrientationPortrait UIInterfaceOrientationLandscapeLeft UIInterfaceOrientationLandscapeRight";
				IPHONEOS_DEPLOYMENT_TARGET = 17.0;
				LD_RUNPATH_SEARCH_PATHS = (
					"$(inherited)",
					"@executable_path/Frameworks",
				);
				MARKETING_VERSION = 1.0;
				PRODUCT_BUNDLE_IDENTIFIER = com.bannzai.AsyncExample;
				PRODUCT_NAME = "$(TARGET_NAME)";
				SWIFT_EMIT_LOC_STRINGS = YES;
				SWIFT_VERSION = 5.0;
				TARGETED_DEVICE_FAMILY = "1,2";
			};
			name = Debug;
		};
		20F0E4B7294007F30000C48A /* Release */ = {
			isa = XCBuildConfiguration;
			buildSettings = {
				ASSETCATALOG_COMPILER_APPICON_NAME = AppIcon;
				ASSETCATALOG_COMPILER_GLOBAL_ACCENT_COLOR_NAME = AccentColor;
				CODE_SIGN_STYLE = Automatic;
				CURRENT_PROJECT_VERSION = 1;
				DEVELOPMENT_ASSET_PATHS = "\"AsyncExample/Preview Content\"";
				DEVELOPMENT_TEAM = TQPN82UBBY;
				ENABLE_PREVIEWS = YES;
				GENERATE_INFOPLIST_FILE = YES;
				INFOPLIST_KEY_UIApplicationSceneManifest_Generation = YES;
				INFOPLIST_KEY_UIApplicationSupportsIndirectInputEvents = YES;
				INFOPLIST_KEY_UILaunchScreen_Generation = YES;
				INFOPLIST_KEY_UISupportedInterfaceOrientations_iPad = "UIInterfaceOrientationPortrait UIInterfaceOrientationPortraitUpsideDown UIInterfaceOrientationLandscapeLeft UIInterfaceOrientationLandscapeRight";
				INFOPLIST_KEY_UISupportedInterfaceOrientations_iPhone = "UIInterfaceOrientationPortrait UIInterfaceOrientationLandscapeLeft UIInterfaceOrientationLandscapeRight";
				IPHONEOS_DEPLOYMENT_TARGET = 17.0;
				LD_RUNPATH_SEARCH_PATHS = (
					"$(inherited)",
					"@executable_path/Frameworks",
				);
				MARKETING_VERSION = 1.0;
				PRODUCT_BUNDLE_IDENTIFIER = com.bannzai.AsyncExample;
				PRODUCT_NAME = "$(TARGET_NAME)";
				SWIFT_EMIT_LOC_STRINGS = YES;
				SWIFT_VERSION = 5.0;
				TARGETED_DEVICE_FAMILY = "1,2";
			};
			name = Release;
		};
/* End XCBuildConfiguration section */

/* Begin XCConfigurationList section */
		20F0E4A2294007F20000C48A /* Build configuration list for PBXProject "AsyncExample" */ = {
			isa = XCConfigurationList;
			buildConfigurations = (
				20F0E4B3294007F30000C48A /* Debug */,
				20F0E4B4294007F30000C48A /* Release */,
			);
			defaultConfigurationIsVisible = 0;
			defaultConfigurationName = Release;
		};
		20F0E4B5294007F30000C48A /* Build configuration list for PBXNativeTarget "AsyncExample" */ = {
			isa = XCConfigurationList;
			buildConfigurations = (
				20F0E4B6294007F30000C48A /* Debug */,
				20F0E4B7294007F30000C48A /* Release */,
			);
			defaultConfigurationIsVisible = 0;
			defaultConfigurationName = Release;
		};
/* End XCConfigurationList section */

/* Begin XCLocalSwiftPackageReference section */
		20E4D4022B77108500E87026 /* XCLocalSwiftPackageReference ".." */ = {
			isa = XCLocalSwiftPackageReference;
			relativePath = ..;
		};
/* End XCLocalSwiftPackageReference section */

/* Begin XCSwiftPackageProductDependency section */
		20E4D4032B77108500E87026 /* Async */ = {
			isa = XCSwiftPackageProductDependency;
			productName = Async;
		};
		20F0E4C929400ECD0000C48A /* Async */ = {
			isa = XCSwiftPackageProductDependency;
			productName = Async;
		};
/* End XCSwiftPackageProductDependency section */
	};
	rootObject = 20F0E49F294007F20000C48A /* Project object */;
}
